
Microsoft Visual Studio Solution File, Format Version 12.00
# Visual Studio Version 16
VisualStudioVersion = 16.0.29911.84
MinimumVisualStudioVersion = 10.0.40219.1
Project("{9A19103F-16F7-4668-BE54-9A1E7A4F7556}") = "JwtAuthentication.SymmetricEncryption", "JwtAuthentication.SymmetricEncryption\JwtAuthentication.SymmetricEncryption.csproj", "{9B6F472C-85B9-43D7-AC6F-BA65054DA11E}"
EndProject
Global
	GlobalSection(SolutionConfigurationPlatforms) = preSolution
		Debug|Any CPU = Debug|Any CPU
		Release|Any CPU = Release|Any CPU
	EndGlobalSection
	GlobalSection(ProjectConfigurationPlatforms) = postSolution
		{9B6F472C-85B9-43D7-AC6F-BA65054DA11E}.Debug|Any CPU.ActiveCfg = Debug|Any CPU
		{9B6F472C-85B9-43D7-AC6F-BA65054DA11E}.Debug|Any CPU.Build.0 = Debug|Any CPU
		{9B6F472C-85B9-43D7-AC6F-BA65054DA11E}.Release|Any CPU.ActiveCfg = Release|Any CPU
		{9B6F472C-85B9-43D7-AC6F-BA65054DA11E}.Release|Any CPU.Build.0 = Release|Any CPU
	EndGlobalSection
	GlobalSection(SolutionProperties) = preSolution
		HideSolutionNode = FALSE
	EndGlobalSection
	GlobalSection(ExtensibilityGlobals) = postSolution
		SolutionGuid = {03D6B438-510C-4C3E-ACBE-3CB7A7B71221}
	EndGlobalSection
EndGlobal
